
Microsoft Visual Studio Solution File, Format Version 12.00
# Visual Studio 15
VisualStudioVersion = 15.0.27428.2005
MinimumVisualStudioVersion = 10.0.40219.1
Project("{FAE04EC0-301F-11D3-BF4B-00C04F79EFBC}") = "PrismaApp.Android", "PrismaApp\PrismaApp.Android\PrismaApp.Android.csproj", "{AF37B5C7-5C8D-49BE-9D3C-D74A04D20920}"
EndProject
Project("{FAE04EC0-301F-11D3-BF4B-00C04F79EFBC}") = "PrismaApp.iOS", "PrismaApp\PrismaApp.iOS\PrismaApp.iOS.csproj", "{08A07401-6EF4-4039-90C8-809B7661B0C0}"
EndProject
Project("{FAE04EC0-301F-11D3-BF4B-00C04F79EFBC}") = "PrismaApp.UWP", "PrismaApp\PrismaApp.UWP\PrismaApp.UWP.csproj", "{2744C037-F2FF-4761-AC21-E57E346B1E04}"
EndProject
Project("{D954291E-2A0B-460D-934E-DC6B0785DB48}") = "PrismaApp", "PrismaApp\PrismaApp\PrismaApp.shproj", "{DE199DDD-A566-4469-BE8D-49381E5612E2}"
EndProject
Global
	GlobalSection(SharedMSBuildProjectFiles) = preSolution
		PrismaApp\PrismaApp\PrismaApp.projitems*{08a07401-6ef4-4039-90c8-809b7661b0c0}*SharedItemsImports = 4
		PrismaApp\PrismaApp\PrismaApp.projitems*{2744c037-f2ff-4761-ac21-e57e346b1e04}*SharedItemsImports = 4
		PrismaApp\PrismaApp\PrismaApp.projitems*{af37b5c7-5c8d-49be-9d3c-d74a04d20920}*SharedItemsImports = 4
		PrismaApp\PrismaApp\PrismaApp.projitems*{de199ddd-a566-4469-be8d-49381e5612e2}*SharedItemsImports = 13
	EndGlobalSection
	GlobalSection(SolutionConfigurationPlatforms) = preSolution
		Ad-Hoc|Any CPU = Ad-Hoc|Any CPU
		Ad-Hoc|ARM = Ad-Hoc|ARM
		Ad-Hoc|iPhone = Ad-Hoc|iPhone
		Ad-Hoc|iPhoneSimulator = Ad-Hoc|iPhoneSimulator
		Ad-Hoc|x64 = Ad-Hoc|x64
		Ad-Hoc|x86 = Ad-Hoc|x86
		AppStore|Any CPU = AppStore|Any CPU
		AppStore|ARM = AppStore|ARM
		AppStore|iPhone = AppStore|iPhone
		AppStore|iPhoneSimulator = AppStore|iPhoneSimulator
		AppStore|x64 = AppStore|x64
		AppStore|x86 = AppStore|x86
		Debug|Any CPU = Debug|Any CPU
		Debug|ARM = Debug|ARM
		Debug|iPhone = Debug|iPhone
		Debug|iPhoneSimulator = Debug|iPhoneSimulator
		Debug|x64 = Debug|x64
		Debug|x86 = Debug|x86
		Release|Any CPU = Release|Any CPU
		Release|ARM = Release|ARM
		Release|iPhone = Release|iPhone
		Release|iPhoneSimulator = Release|iPhoneSimulator
		Release|x64 = Release|x64
		Release|x86 = Release|x86
	EndGlobalSection
	GlobalSection(ProjectConfigurationPlatforms) = postSolution
		{AF37B5C7-5C8D-49BE-9D3C-D74A04D20920}.Ad-Hoc|Any CPU.ActiveCfg = Release|Any CPU
		{AF37B5C7-5C8D-49BE-9D3C-D74A04D20920}.Ad-Hoc|Any CPU.Build.0 = Release|Any CPU
		{AF37B5C7-5C8D-49BE-9D3C-D74A04D20920}.Ad-Hoc|Any CPU.Deploy.0 = Release|Any CPU
		{AF37B5C7-5C8D-49BE-9D3C-D74A04D20920}.Ad-Hoc|ARM.ActiveCfg = Release|Any CPU
		{AF37B5C7-5C8D-49BE-9D3C-D74A04D20920}.Ad-Hoc|ARM.Build.0 = Release|Any CPU
		{AF37B5C7-5C8D-49BE-9D3C-D74A04D20920}.Ad-Hoc|ARM.Deploy.0 = Release|Any CPU
		{AF37B5C7-5C8D-49BE-9D3C-D74A04D20920}.Ad-Hoc|iPhone.ActiveCfg = Release|Any CPU
		{AF37B5C7-5C8D-49BE-9D3C-D74A04D20920}.Ad-Hoc|iPhone.Build.0 = Release|Any CPU
		{AF37B5C7-5C8D-49BE-9D3C-D74A04D20920}.Ad-Hoc|iPhone.Deploy.0 = Release|Any CPU
		{AF37B5C7-5C8D-49BE-9D3C-D74A04D20920}.Ad-Hoc|iPhoneSimulator.ActiveCfg = Release|Any CPU
		{AF37B5C7-5C8D-49BE-9D3C-D74A04D20920}.Ad-Hoc|iPhoneSimulator.Build.0 = Release|Any CPU
		{AF37B5C7-5C8D-49BE-9D3C-D74A04D20920}.Ad-Hoc|iPhoneSimulator.Deploy.0 = Release|Any CPU
		{AF37B5C7-5C8D-49BE-9D3C-D74A04D20920}.Ad-Hoc|x64.ActiveCfg = Release|Any CPU
		{AF37B5C7-5C8D-49BE-9D3C-D74A04D20920}.Ad-Hoc|x64.Build.0 = Release|Any CPU
		{AF37B5C7-5C8D-49BE-9D3C-D74A04D20920}.Ad-Hoc|x64.Deploy.0 = Release|Any CPU
		{AF37B5C7-5C8D-49BE-9D3C-D74A04D20920}.Ad-Hoc|x86.ActiveCfg = Release|Any CPU
		{AF37B5C7-5C8D-49BE-9D3C-D74A04D20920}.Ad-Hoc|x86.Build.0 = Release|Any CPU
		{AF37B5C7-5C8D-49BE-9D3C-D74A04D20920}.Ad-Hoc|x86.Deploy.0 = Release|Any CPU
		{AF37B5C7-5C8D-49BE-9D3C-D74A04D20920}.AppStore|Any CPU.ActiveCfg = Release|Any CPU
		{AF37B5C7-5C8D-49BE-9D3C-D74A04D20920}.AppStore|Any CPU.Build.0 = Release|Any CPU
		{AF37B5C7-5C8D-49BE-9D3C-D74A04D20920}.AppStore|Any CPU.Deploy.0 = Release|Any CPU
		{AF37B5C7-5C8D-49BE-9D3C-D74A04D20920}.AppStore|ARM.ActiveCfg = Release|Any CPU
		{AF37B5C7-5C8D-49BE-9D3C-D74A04D20920}.AppStore|ARM.Build.0 = Release|Any CPU
		{AF37B5C7-5C8D-49BE-9D3C-D74A04D20920}.AppStore|ARM.Deploy.0 = Release|Any CPU
		{AF37B5C7-5C8D-49BE-9D3C-D74A04D20920}.AppStore|iPhone.ActiveCfg = Release|Any CPU
		{AF37B5C7-5C8D-49BE-9D3C-D74A04D20920}.AppStore|iPhone.Build.0 = Release|Any CPU
		{AF37B5C7-5C8D-49BE-9D3C-D74A04D20920}.AppStore|iPhone.Deploy.0 = Release|Any CPU
		{AF37B5C7-5C8D-49BE-9D3C-D74A04D20920}.AppStore|iPhoneSimulator.ActiveCfg = Release|Any CPU
		{AF37B5C7-5C8D-49BE-9D3C-D74A04D20920}.AppStore|iPhoneSimulator.Build.0 = Release|Any CPU
		{AF37B5C7-5C8D-49BE-9D3C-D74A04D20920}.AppStore|iPhoneSimulator.Deploy.0 = Release|Any CPU
		{AF37B5C7-5C8D-49BE-9D3C-D74A04D20920}.AppStore|x64.ActiveCfg = Release|Any CPU
		{AF37B5C7-5C8D-49BE-9D3C-D74A04D20920}.AppStore|x64.Build.0 = Release|Any CPU
		{AF37B5C7-5C8D-49BE-9D3C-D74A04D20920}.AppStore|x64.Deploy.0 = Release|Any CPU
		{AF37B5C7-5C8D-49BE-9D3C-D74A04D20920}.AppStore|x86.ActiveCfg = Release|Any CPU
		{AF37B5C7-5C8D-49BE-9D3C-D74A04D20920}.AppStore|x86.Build.0 = Release|Any CPU
		{AF37B5C7-5C8D-49BE-9D3C-D74A04D20920}.AppStore|x86.Deploy.0 = Release|Any CPU
		{AF37B5C7-5C8D-49BE-9D3C-D74A04D20920}.Debug|Any CPU.ActiveCfg = Debug|Any CPU
		{AF37B5C7-5C8D-49BE-9D3C-D74A04D20920}.Debug|Any CPU.Build.0 = Debug|Any CPU
		{AF37B5C7-5C8D-49BE-9D3C-D74A04D20920}.Debug|Any CPU.Deploy.0 = Debug|Any CPU
		{AF37B5C7-5C8D-49BE-9D3C-D74A04D20920}.Debug|ARM.ActiveCfg = Debug|Any CPU
		{AF37B5C7-5C8D-49BE-9D3C-D74A04D20920}.Debug|ARM.Build.0 = Debug|Any CPU
		{AF37B5C7-5C8D-49BE-9D3C-D74A04D20920}.Debug|ARM.Deploy.0 = Debug|Any CPU
		{AF37B5C7-5C8D-49BE-9D3C-D74A04D20920}.Debug|iPhone.ActiveCfg = Debug|Any CPU
		{AF37B5C7-5C8D-49BE-9D3C-D74A04D20920}.Debug|iPhone.Build.0 = Debug|Any CPU
		{AF37B5C7-5C8D-49BE-9D3C-D74A04D20920}.Debug|iPhone.Deploy.0 = Debug|Any CPU
		{AF37B5C7-5C8D-49BE-9D3C-D74A04D20920}.Debug|iPhoneSimulator.ActiveCfg = Debug|Any CPU
		{AF37B5C7-5C8D-49BE-9D3C-D74A04D20920}.Debug|iPhoneSimulator.Build.0 = Debug|Any CPU
		{AF37B5C7-5C8D-49BE-9D3C-D74A04D20920}.Debug|iPhoneSimulator.Deploy.0 = Debug|Any CPU
		{AF37B5C7-5C8D-49BE-9D3C-D74A04D20920}.Debug|x64.ActiveCfg = Debug|Any CPU
		{AF37B5C7-5C8D-49BE-9D3C-D74A04D20920}.Debug|x64.Build.0 = Debug|Any CPU
		{AF37B5C7-5C8D-49BE-9D3C-D74A04D20920}.Debug|x64.Deploy.0 = Debug|Any CPU
		{AF37B5C7-5C8D-49BE-9D3C-D74A04D20920}.Debug|x86.ActiveCfg = Debug|Any CPU
		{AF37B5C7-5C8D-49BE-9D3C-D74A04D20920}.Debug|x86.Build.0 = Debug|Any CPU
		{AF37B5C7-5C8D-49BE-9D3C-D74A04D20920}.Debug|x86.Deploy.0 = Debug|Any CPU
		{AF37B5C7-5C8D-49BE-9D3C-D74A04D20920}.Release|Any CPU.ActiveCfg = Release|Any CPU
		{AF37B5C7-5C8D-49BE-9D3C-D74A04D20920}.Release|Any CPU.Build.0 = Release|Any CPU
		{AF37B5C7-5C8D-49BE-9D3C-D74A04D20920}.Release|Any CPU.Deploy.0 = Release|Any CPU
		{AF37B5C7-5C8D-49BE-9D3C-D74A04D20920}.Release|ARM.ActiveCfg = Release|Any CPU
		{AF37B5C7-5C8D-49BE-9D3C-D74A04D20920}.Release|ARM.Build.0 = Release|Any CPU
		{AF37B5C7-5C8D-49BE-9D3C-D74A04D20920}.Release|ARM.Deploy.0 = Release|Any CPU
		{AF37B5C7-5C8D-49BE-9D3C-D74A04D20920}.Release|iPhone.ActiveCfg = Release|Any CPU
		{AF37B5C7-5C8D-49BE-9D3C-D74A04D20920}.Release|iPhone.Build.0 = Release|Any CPU
		{AF37B5C7-5C8D-49BE-9D3C-D74A04D20920}.Release|iPhone.Deploy.0 = Release|Any CPU
		{AF37B5C7-5C8D-49BE-9D3C-D74A04D20920}.Release|iPhoneSimulator.ActiveCfg = Release|Any CPU
		{AF37B5C7-5C8D-49BE-9D3C-D74A04D20920}.Release|iPhoneSimulator.Build.0 = Release|Any CPU
		{AF37B5C7-5C8D-49BE-9D3C-D74A04D20920}.Release|iPhoneSimulator.Deploy.0 = Release|Any CPU
		{AF37B5C7-5C8D-49BE-9D3C-D74A04D20920}.Release|x64.ActiveCfg = Release|Any CPU
		{AF37B5C7-5C8D-49BE-9D3C-D74A04D20920}.Release|x64.Build.0 = Release|Any CPU
		{AF37B5C7-5C8D-49BE-9D3C-D74A04D20920}.Release|x64.Deploy.0 = Release|Any CPU
		{AF37B5C7-5C8D-49BE-9D3C-D74A04D20920}.Release|x86.ActiveCfg = Release|Any CPU
		{AF37B5C7-5C8D-49BE-9D3C-D74A04D20920}.Release|x86.Build.0 = Release|Any CPU
		{AF37B5C7-5C8D-49BE-9D3C-D74A04D20920}.Release|x86.Deploy.0 = Release|Any CPU
		{08A07401-6EF4-4039-90C8-809B7661B0C0}.Ad-Hoc|Any CPU.ActiveCfg = Ad-Hoc|iPhone
		{08A07401-6EF4-4039-90C8-809B7661B0C0}.Ad-Hoc|ARM.ActiveCfg = Ad-Hoc|iPhone
		{08A07401-6EF4-4039-90C8-809B7661B0C0}.Ad-Hoc|iPhone.ActiveCfg = Ad-Hoc|iPhone
		{08A07401-6EF4-4039-90C8-809B7661B0C0}.Ad-Hoc|iPhone.Build.0 = Ad-Hoc|iPhone
		{08A07401-6EF4-4039-90C8-809B7661B0C0}.Ad-Hoc|iPhoneSimulator.ActiveCfg = Ad-Hoc|iPhoneSimulator
		{08A07401-6EF4-4039-90C8-809B7661B0C0}.Ad-Hoc|iPhoneSimulator.Build.0 = Ad-Hoc|iPhoneSimulator
		{08A07401-6EF4-4039-90C8-809B7661B0C0}.Ad-Hoc|x64.ActiveCfg = Ad-Hoc|iPhone
		{08A07401-6EF4-4039-90C8-809B7661B0C0}.Ad-Hoc|x86.ActiveCfg = Ad-Hoc|iPhone
		{08A07401-6EF4-4039-90C8-809B7661B0C0}.AppStore|Any CPU.ActiveCfg = AppStore|iPhone
		{08A07401-6EF4-4039-90C8-809B7661B0C0}.AppStore|ARM.ActiveCfg = AppStore|iPhone
		{08A07401-6EF4-4039-90C8-809B7661B0C0}.AppStore|iPhone.ActiveCfg = AppStore|iPhone
		{08A07401-6EF4-4039-90C8-809B7661B0C0}.AppStore|iPhone.Build.0 = AppStore|iPhone
		{08A07401-6EF4-4039-90C8-809B7661B0C0}.AppStore|iPhoneSimulator.ActiveCfg = AppStore|iPhoneSimulator
		{08A07401-6EF4-4039-90C8-809B7661B0C0}.AppStore|iPhoneSimulator.Build.0 = AppStore|iPhoneSimulator
		{08A07401-6EF4-4039-90C8-809B7661B0C0}.AppStore|x64.ActiveCfg = AppStore|iPhone
		{08A07401-6EF4-4039-90C8-809B7661B0C0}.AppStore|x86.ActiveCfg = AppStore|iPhone
		{08A07401-6EF4-4039-90C8-809B7661B0C0}.Debug|Any CPU.ActiveCfg = Debug|iPhone
		{08A07401-6EF4-4039-90C8-809B7661B0C0}.Debug|ARM.ActiveCfg = Debug|iPhone
		{08A07401-6EF4-4039-90C8-809B7661B0C0}.Debug|iPhone.ActiveCfg = Debug|iPhone
		{08A07401-6EF4-4039-90C8-809B7661B0C0}.Debug|iPhone.Build.0 = Debug|iPhone
		{08A07401-6EF4-4039-90C8-809B7661B0C0}.Debug|iPhoneSimulator.ActiveCfg = Debug|iPhoneSimulator
		{08A07401-6EF4-4039-90C8-809B7661B0C0}.Debug|iPhoneSimulator.Build.0 = Debug|iPhoneSimulator
		{08A07401-6EF4-4039-90C8-809B7661B0C0}.Debug|x64.ActiveCfg = Debug|iPhone
		{08A07401-6EF4-4039-90C8-809B7661B0C0}.Debug|x86.ActiveCfg = Debug|iPhone
		{08A07401-6EF4-4039-90C8-809B7661B0C0}.Release|Any CPU.ActiveCfg = Release|iPhone
		{08A07401-6EF4-4039-90C8-809B7661B0C0}.Release|ARM.ActiveCfg = Release|iPhone
		{08A07401-6EF4-4039-90C8-809B7661B0C0}.Release|iPhone.ActiveCfg = Release|iPhone
		{08A07401-6EF4-4039-90C8-809B7661B0C0}.Release|iPhone.Build.0 = Release|iPhone
		{08A07401-6EF4-4039-90C8-809B7661B0C0}.Release|iPhoneSimulator.ActiveCfg = Release|iPhoneSimulator
		{08A07401-6EF4-4039-90C8-809B7661B0C0}.Release|iPhoneSimulator.Build.0 = Release|iPhoneSimulator
		{08A07401-6EF4-4039-90C8-809B7661B0C0}.Release|x64.ActiveCfg = Release|iPhone
		{08A07401-6EF4-4039-90C8-809B7661B0C0}.Release|x86.ActiveCfg = Release|iPhone
		{2744C037-F2FF-4761-AC21-E57E346B1E04}.Ad-Hoc|Any CPU.ActiveCfg = Release|x86
		{2744C037-F2FF-4761-AC21-E57E346B1E04}.Ad-Hoc|Any CPU.Build.0 = Release|x86
		{2744C037-F2FF-4761-AC21-E57E346B1E04}.Ad-Hoc|Any CPU.Deploy.0 = Release|x86
		{2744C037-F2FF-4761-AC21-E57E346B1E04}.Ad-Hoc|ARM.ActiveCfg = Release|ARM
		{2744C037-F2FF-4761-AC21-E57E346B1E04}.Ad-Hoc|ARM.Build.0 = Release|ARM
		{2744C037-F2FF-4761-AC21-E57E346B1E04}.Ad-Hoc|ARM.Deploy.0 = Release|ARM
		{2744C037-F2FF-4761-AC21-E57E346B1E04}.Ad-Hoc|iPhone.ActiveCfg = Release|x86
		{2744C037-F2FF-4761-AC21-E57E346B1E04}.Ad-Hoc|iPhone.Build.0 = Release|x86
		{2744C037-F2FF-4761-AC21-E57E346B1E04}.Ad-Hoc|iPhone.Deploy.0 = Release|x86
		{2744C037-F2FF-4761-AC21-E57E346B1E04}.Ad-Hoc|iPhoneSimulator.ActiveCfg = Release|x86
		{2744C037-F2FF-4761-AC21-E57E346B1E04}.Ad-Hoc|iPhoneSimulator.Build.0 = Release|x86
		{2744C037-F2FF-4761-AC21-E57E346B1E04}.Ad-Hoc|iPhoneSimulator.Deploy.0 = Release|x86
		{2744C037-F2FF-4761-AC21-E57E346B1E04}.Ad-Hoc|x64.ActiveCfg = Release|x64
		{2744C037-F2FF-4761-AC21-E57E346B1E04}.Ad-Hoc|x64.Build.0 = Release|x64
		{2744C037-F2FF-4761-AC21-E57E346B1E04}.Ad-Hoc|x64.Deploy.0 = Release|x64
		{2744C037-F2FF-4761-AC21-E57E346B1E04}.Ad-Hoc|x86.ActiveCfg = Release|x86
		{2744C037-F2FF-4761-AC21-E57E346B1E04}.Ad-Hoc|x86.Build.0 = Release|x86
		{2744C037-F2FF-4761-AC21-E57E346B1E04}.Ad-Hoc|x86.Deploy.0 = Release|x86
		{2744C037-F2FF-4761-AC21-E57E346B1E04}.AppStore|Any CPU.ActiveCfg = Release|x86
		{2744C037-F2FF-4761-AC21-E57E346B1E04}.AppStore|Any CPU.Build.0 = Release|x86
		{2744C037-F2FF-4761-AC21-E57E346B1E04}.AppStore|Any CPU.Deploy.0 = Release|x86
		{2744C037-F2FF-4761-AC21-E57E346B1E04}.AppStore|ARM.ActiveCfg = Release|ARM
		{2744C037-F2FF-4761-AC21-E57E346B1E04}.AppStore|ARM.Build.0 = Release|ARM
		{2744C037-F2FF-4761-AC21-E57E346B1E04}.AppStore|ARM.Deploy.0 = Release|ARM
		{2744C037-F2FF-4761-AC21-E57E346B1E04}.AppStore|iPhone.ActiveCfg = Release|x86
		{2744C037-F2FF-4761-AC21-E57E346B1E04}.AppStore|iPhone.Build.0 = Release|x86
		{2744C037-F2FF-4761-AC21-E57E346B1E04}.AppStore|iPhone.Deploy.0 = Release|x86
		{2744C037-F2FF-4761-AC21-E57E346B1E04}.AppStore|iPhoneSimulator.ActiveCfg = Release|x86
		{2744C037-F2FF-4761-AC21-E57E346B1E04}.AppStore|iPhoneSimulator.Build.0 = Release|x86
		{2744C037-F2FF-4761-AC21-E57E346B1E04}.AppStore|iPhoneSimulator.Deploy.0 = Release|x86
		{2744C037-F2FF-4761-AC21-E57E346B1E04}.AppStore|x64.ActiveCfg = Release|x64
		{2744C037-F2FF-4761-AC21-E57E346B1E04}.AppStore|x64.Build.0 = Release|x64
		{2744C037-F2FF-4761-AC21-E57E346B1E04}.AppStore|x64.Deploy.0 = Release|x64
		{2744C037-F2FF-4761-AC21-E57E346B1E04}.AppStore|x86.ActiveCfg = Release|x86
		{2744C037-F2FF-4761-AC21-E57E346B1E04}.AppStore|x86.Build.0 = Release|x86
		{2744C037-F2FF-4761-AC21-E57E346B1E04}.AppStore|x86.Deploy.0 = Release|x86
		{2744C037-F2FF-4761-AC21-E57E346B1E04}.Debug|Any CPU.ActiveCfg = Debug|x86
		{2744C037-F2FF-4761-AC21-E57E346B1E04}.Debug|ARM.ActiveCfg = Debug|ARM
		{2744C037-F2FF-4761-AC21-E57E346B1E04}.Debug|ARM.Build.0 = Debug|ARM
		{2744C037-F2FF-4761-AC21-E57E346B1E04}.Debug|ARM.Deploy.0 = Debug|ARM
		{2744C037-F2FF-4761-AC21-E57E346B1E04}.Debug|iPhone.ActiveCfg = Debug|x86
		{2744C037-F2FF-4761-AC21-E57E346B1E04}.Debug|iPhoneSimulator.ActiveCfg = Debug|x86
		{2744C037-F2FF-4761-AC21-E57E346B1E04}.Debug|x64.ActiveCfg = Debug|x64
		{2744C037-F2FF-4761-AC21-E57E346B1E04}.Debug|x64.Build.0 = Debug|x64
		{2744C037-F2FF-4761-AC21-E57E346B1E04}.Debug|x64.Deploy.0 = Debug|x64
		{2744C037-F2FF-4761-AC21-E57E346B1E04}.Debug|x86.ActiveCfg = Debug|x86
		{2744C037-F2FF-4761-AC21-E57E346B1E04}.Debug|x86.Build.0 = Debug|x86
		{2744C037-F2FF-4761-AC21-E57E346B1E04}.Debug|x86.Deploy.0 = Debug|x86
		{2744C037-F2FF-4761-AC21-E57E346B1E04}.Release|Any CPU.ActiveCfg = Release|x86
		{2744C037-F2FF-4761-AC21-E57E346B1E04}.Release|ARM.ActiveCfg = Release|ARM
		{2744C037-F2FF-4761-AC21-E57E346B1E04}.Release|ARM.Build.0 = Release|ARM
		{2744C037-F2FF-4761-AC21-E57E346B1E04}.Release|ARM.Deploy.0 = Release|ARM
		{2744C037-F2FF-4761-AC21-E57E346B1E04}.Release|iPhone.ActiveCfg = Release|x86
		{2744C037-F2FF-4761-AC21-E57E346B1E04}.Release|iPhoneSimulator.ActiveCfg = Release|x86
		{2744C037-F2FF-4761-AC21-E57E346B1E04}.Release|x64.ActiveCfg = Release|x64
		{2744C037-F2FF-4761-AC21-E57E346B1E04}.Release|x64.Build.0 = Release|x64
		{2744C037-F2FF-4761-AC21-E57E346B1E04}.Release|x64.Deploy.0 = Release|x64
		{2744C037-F2FF-4761-AC21-E57E346B1E04}.Release|x86.ActiveCfg = Release|x86
		{2744C037-F2FF-4761-AC21-E57E346B1E04}.Release|x86.Build.0 = Release|x86
		{2744C037-F2FF-4761-AC21-E57E346B1E04}.Release|x86.Deploy.0 = Release|x86
	EndGlobalSection
	GlobalSection(SolutionProperties) = preSolution
		HideSolutionNode = FALSE
	EndGlobalSection
	GlobalSection(ExtensibilityGlobals) = postSolution
		SolutionGuid = {DB66AA0F-8909-427C-94C3-7EAE5FD7E933}
	EndGlobalSection
EndGlobal
